// !$*UTF8*$!
{
	archiveVersion = 1;
	classes = {
	};
	objectVersion = 46;
	objects = {

/* Begin PBXBuildFile section */
		D701683E1EF4FAB500C476AC /* AppDelegate.swift in Sources */ = {isa = PBXBuildFile; fileRef = D701683D1EF4FAB500C476AC /* AppDelegate.swift */; };
		D70168401EF4FAB500C476AC /* ViewController.swift in Sources */ = {isa = PBXBuildFile; fileRef = D701683F1EF4FAB500C476AC /* ViewController.swift */; };
		D70168431EF4FAB500C476AC /* Main.storyboard in Resources */ = {isa = PBXBuildFile; fileRef = D70168411EF4FAB500C476AC /* Main.storyboard */; };
		D70168451EF4FAB500C476AC /* Assets.xcassets in Resources */ = {isa = PBXBuildFile; fileRef = D70168441EF4FAB500C476AC /* Assets.xcassets */; };
		D70168481EF4FAB500C476AC /* LaunchScreen.storyboard in Resources */ = {isa = PBXBuildFile; fileRef = D70168461EF4FAB500C476AC /* LaunchScreen.storyboard */; };
/* End PBXBuildFile section */

/* Begin PBXFileReference section */
		D701683A1EF4FAB500C476AC /* dicey.app */ = {isa = PBXFileReference; explicitFileType = wrapper.application; includeInIndex = 0; path = dicey.app; sourceTree = BUILT_PRODUCTS_DIR; };
		D701683D1EF4FAB500C476AC /* AppDelegate.swift */ = {isa = PBXFileReference; lastKnownFileType = sourcecode.swift; path = AppDelegate.swift; sourceTree = "<group>"; };
		D701683F1EF4FAB500C476AC /* ViewController.swift */ = {isa = PBXFileReference; lastKnownFileType = sourcecode.swift; path = ViewController.swift; sourceTree = "<group>"; };
		D70168421EF4FAB500C476AC /* Base */ = {isa = PBXFileReference; lastKnownFileType = file.storyboard; name = Base; path = Base.lproj/Main.storyboard; sourceTree = "<group>"; };
		D70168441EF4FAB500C476AC /* Assets.xcassets */ = {isa = PBXFileReference; lastKnownFileType = folder.assetcatalog; path = Assets.xcassets; sourceTree = "<group>"; };
		D70168471EF4FAB500C476AC /* Base */ = {isa = PBXFileReference; lastKnownFileType = file.storyboard; name = Base; path = Base.lproj/LaunchScreen.storyboard; sourceTree = "<group>"; };
		D70168491EF4FAB500C476AC /* Info.plist */ = {isa = PBXFileReference; lastKnownFileType = text.plist.xml; path = Info.plist; sourceTree = "<group>"; };
/* End PBXFileReference section */

/* Begin PBXFrameworksBuildPhase section */
		D70168371EF4FAB500C476AC /* Frameworks */ = {
			isa = PBXFrameworksBuildPhase;
			buildActionMask = 2147483647;
			files = (
			);
			runOnlyForDeploymentPostprocessing = 0;
		};
/* End PBXFrameworksBuildPhase section */

/* Begin PBXGroup section */
		D70168311EF4FAB500C476AC = {
			isa = PBXGroup;
			children = (
				D701683C1EF4FAB500C476AC /* dicey */,
				D701683B1EF4FAB500C476AC /* Products */,
			);
			sourceTree = "<group>";
		};
		D701683B1EF4FAB500C476AC /* Products */ = {
			isa = PBXGroup;
			children = (
				D701683A1EF4FAB500C476AC /* dicey.app */,
			);
			name = Products;
			sourceTree = "<group>";
		};
		D701683C1EF4FAB500C476AC /* dicey */ = {
			isa = PBXGroup;
			children = (
				D701683D1EF4FAB500C476AC /* AppDelegate.swift */,
				D701683F1EF4FAB500C476AC /* ViewController.swift */,
				D70168411EF4FAB500C476AC /* Main.storyboard */,
				D70168441EF4FAB500C476AC /* Assets.xcassets */,
				D70168461EF4FAB500C476AC /* LaunchScreen.storyboard */,
				D70168491EF4FAB500C476AC /* Info.plist */,
			);
			path = dicey;
			sourceTree = "<group>";
		};
/* End PBXGroup section */

/* Begin PBXNativeTarget section */
		D70168391EF4FAB500C476AC /* dicey */ = {
			isa = PBXNativeTarget;
			buildConfigurationList = D701684C1EF4FAB500C476AC /* Build configuration list for PBXNativeTarget "dicey" */;
			buildPhases = (
				D70168361EF4FAB500C476AC /* Sources */,
				D70168371EF4FAB500C476AC /* Frameworks */,
				D70168381EF4FAB500C476AC /* Resources */,
			);
			buildRules = (
			);
			dependencies = (
			);
			name = dicey;
			productName = dicey;
			productReference = D701683A1EF4FAB500C476AC /* dicey.app */;
			productType = "com.apple.product-type.application";
		};
/* End PBXNativeTarget section */

/* Begin PBXProject section */
		D70168321EF4FAB500C476AC /* Project object */ = {
			isa = PBXProject;
			attributes = {
				LastSwiftUpdateCheck = 0830;
				LastUpgradeCheck = 0830;
				ORGANIZATIONNAME = "Hiram Aguirre";
				TargetAttributes = {
					D70168391EF4FAB500C476AC = {
						CreatedOnToolsVersion = 8.3.3;
						ProvisioningStyle = Automatic;
					};
				};
			};
			buildConfigurationList = D70168351EF4FAB500C476AC /* Build configuration list for PBXProject "dicey" */;
			compatibilityVersion = "Xcode 3.2";
			developmentRegion = English;
			hasScannedForEncodings = 0;
			knownRegions = (
				en,
				Base,
			);
			mainGroup = D70168311EF4FAB500C476AC;
			productRefGroup = D701683B1EF4FAB500C476AC /* Products */;
			projectDirPath = "";
			projectRoot = "";
			targets = (
				D70168391EF4FAB500C476AC /* dicey */,
			);
		};
/* End PBXProject section */

/* Begin PBXResourcesBuildPhase section */
		D70168381EF4FAB500C476AC /* Resources */ = {
			isa = PBXResourcesBuildPhase;
			buildActionMask = 2147483647;
			files = (
				D70168481EF4FAB500C476AC /* LaunchScreen.storyboard in Resources */,
				D70168451EF4FAB500C476AC /* Assets.xcassets in Resources */,
				D70168431EF4FAB500C476AC /* Main.storyboard in Resources */,
			);
			runOnlyForDeploymentPostprocessing = 0;
		};
/* End PBXResourcesBuildPhase section */

/* Begin PBXSourcesBuildPhase section */
		D70168361EF4FAB500C476AC /* Sources */ = {
			isa = PBXSourcesBuildPhase;
			buildActionMask = 2147483647;
			files = (
				D70168401EF4FAB500C476AC /* ViewController.swift in Sources */,
				D701683E1EF4FAB500C476AC /* AppDelegate.swift in Sources */,
			);
			runOnlyForDeploymentPostprocessing = 0;
		};
/* End PBXSourcesBuildPhase section */

/* Begin PBXVariantGroup section */
		D70168411EF4FAB500C476AC /* Main.storyboard */ = {
			isa = PBXVariantGroup;
			children = (
				D70168421EF4FAB500C476AC /* Base */,
			);
			name = Main.storyboard;
			sourceTree = "<group>";
		};
		D70168461EF4FAB500C476AC /* LaunchScreen.storyboard */ = {
			isa = PBXVariantGroup;
			children = (
				D70168471EF4FAB500C476AC /* Base */,
			);
			name = LaunchScreen.storyboard;
			sourceTree = "<group>";
		};
/* End PBXVariantGroup section */

/* Begin XCBuildConfiguration section */
		D701684A1EF4FAB500C476AC /* Debug */ = {
			isa = XCBuildConfiguration;
			buildSettings = {
				ALWAYS_SEARCH_USER_PATHS = NO;
				CLANG_ANALYZER_NONNULL = YES;
				CLANG_ANALYZER_NUMBER_OBJECT_CONVERSION = YES_AGGRESSIVE;
				CLANG_CXX_LANGUAGE_STANDARD = "gnu++0x";
				CLANG_CXX_LIBRARY = "libc++";
				CLANG_ENABLE_MODULES = YES;
				CLANG_ENABLE_OBJC_ARC = YES;
				CLANG_WARN_BOOL_CONVERSION = YES;
				CLANG_WARN_CONSTANT_CONVERSION = YES;
				CLANG_WARN_DIRECT_OBJC_ISA_USAGE = YES_ERROR;
				CLANG_WARN_DOCUMENTATION_COMMENTS = YES;
				CLANG_WARN_EMPTY_BODY = YES;
				CLANG_WARN_ENUM_CONVERSION = YES;
				CLANG_WARN_INFINITE_RECURSION = YES;
				CLANG_WARN_INT_CONVERSION = YES;
				CLANG_WARN_OBJC_ROOT_CLASS = YES_ERROR;
				CLANG_WARN_SUSPICIOUS_MOVE = YES;
				CLANG_WARN_UNREACHABLE_CODE = YES;
				CLANG_WARN__DUPLICATE_METHOD_MATCH = YES;
				"CODE_SIGN_IDENTITY[sdk=iphoneos*]" = "iPhone Developer";
				COPY_PHASE_STRIP = NO;
				DEBUG_INFORMATION_FORMAT = dwarf;
				ENABLE_STRICT_OBJC_MSGSEND = YES;
				ENABLE_TESTABILITY = YES;
				GCC_C_LANGUAGE_STANDARD = gnu99;
				GCC_DYNAMIC_NO_PIC = NO;
				GCC_NO_COMMON_BLOCKS = YES;
				GCC_OPTIMIZATION_LEVEL = 0;
				GCC_PREPROCESSOR_DEFINITIONS = (
					"DEBUG=1",
					"$(inherited)",
				);
				GCC_WARN_64_TO_32_BIT_CONVERSION = YES;
				GCC_WARN_ABOUT_RETURN_TYPE = YES_ERROR;
				GCC_WARN_UNDECLARED_SELECTOR = YES;
				GCC_WARN_UNINITIALIZED_AUTOS = YES_AGGRESSIVE;
				GCC_WARN_UNUSED_FUNCTION = YES;
				GCC_WARN_UNUSED_VARIABLE = YES;
				IPHONEOS_DEPLOYMENT_TARGET = 10.3;
				MTL_ENABLE_DEBUG_INFO = YES;
				ONLY_ACTIVE_ARCH = YES;
				SDKROOT = iphoneos;
				SWIFT_ACTIVE_COMPILATION_CONDITIONS = DEBUG;
				SWIFT_OPTIMIZATION_LEVEL = "-Onone";
			};
			name = Debug;
		};
		D701684B1EF4FAB500C476AC /* Release */ = {
			isa = XCBuildConfiguration;
			buildSettings = {
				ALWAYS_SEARCH_USER_PATHS = NO;
				CLANG_ANALYZER_NONNULL = YES;
				CLANG_ANALYZER_NUMBER_OBJECT_CONVERSION = YES_AGGRESSIVE;
				CLANG_CXX_LANGUAGE_STANDARD = "gnu++0x";
				CLANG_CXX_LIBRARY = "libc++";
				CLANG_ENABLE_MODULES = YES;
				CLANG_ENABLE_OBJC_ARC = YES;
				CLANG_WARN_BOOL_CONVERSION = YES;
				CLANG_WARN_CONSTANT_CONVERSION = YES;
				CLANG_WARN_DIRECT_OBJC_ISA_USAGE = YES_ERROR;
				CLANG_WARN_DOCUMENTATION_COMMENTS = YES;
				CLANG_WARN_EMPTY_BODY = YES;
				CLANG_WARN_ENUM_CONVERSION = YES;
				CLANG_WARN_INFINITE_RECURSION = YES;
				CLANG_WARN_INT_CONVERSION = YES;
				CLANG_WARN_OBJC_ROOT_CLASS = YES_ERROR;
				CLANG_WARN_SUSPICIOUS_MOVE = YES;
				CLANG_WARN_UNREACHABLE_CODE = YES;
				CLANG_WARN__DUPLICATE_METHOD_MATCH = YES;
				"CODE_SIGN_IDENTITY[sdk=iphoneos*]" = "iPhone Developer";
				COPY_PHASE_STRIP = NO;
				DEBUG_INFORMATION_FORMAT = "dwarf-with-dsym";
				ENABLE_NS_ASSERTIONS = NO;
				ENABLE_STRICT_OBJC_MSGSEND = YES;
				GCC_C_LANGUAGE_STANDARD = gnu99;
				GCC_NO_COMMON_BLOCKS = YES;
				GCC_WARN_64_TO_32_BIT_CONVERSION = YES;
				GCC_WARN_ABOUT_RETURN_TYPE = YES_ERROR;
				GCC_WARN_UNDECLARED_SELECTOR = YES;
				GCC_WARN_UNINITIALIZED_AUTOS = YES_AGGRESSIVE;
				GCC_WARN_UNUSED_FUNCTION = YES;
				GCC_WARN_UNUSED_VARIABLE = YES;
				IPHONEOS_DEPLOYMENT_TARGET = 10.3;
				MTL_ENABLE_DEBUG_INFO = NO;
				SDKROOT = iphoneos;
				SWIFT_OPTIMIZATION_LEVEL = "-Owholemodule";
				VALIDATE_PRODUCT = YES;
			};
			name = Release;
		};
		D701684D1EF4FAB500C476AC /* Debug */ = {
			isa = XCBuildConfiguration;
			buildSettings = {
				ASSETCATALOG_COMPILER_APPICON_NAME = AppIcon;
				INFOPLIST_FILE = dicey/Info.plist;
				LD_RUNPATH_SEARCH_PATHS = "$(inherited) @executable_path/Frameworks";
				PRODUCT_BUNDLE_IDENTIFIER = com.haguirre.dicey;
				PRODUCT_NAME = "$(TARGET_NAME)";
				SWIFT_VERSION = 3.0;
			};
			name = Debug;
		};
		D701684E1EF4FAB500C476AC /* Release */ = {
			isa = XCBuildConfiguration;
			buildSettings = {
				ASSETCATALOG_COMPILER_APPICON_NAME = AppIcon;
				INFOPLIST_FILE = dicey/Info.plist;
				LD_RUNPATH_SEARCH_PATHS = "$(inherited) @executable_path/Frameworks";
				PRODUCT_BUNDLE_IDENTIFIER = com.haguirre.dicey;
				PRODUCT_NAME = "$(TARGET_NAME)";
				SWIFT_VERSION = 3.0;
			};
			name = Release;
		};
/* End XCBuildConfiguration section */

/* Begin XCConfigurationList section */
		D70168351EF4FAB500C476AC /* Build configuration list for PBXProject "dicey" */ = {
			isa = XCConfigurationList;
			buildConfigurations = (
				D701684A1EF4FAB500C476AC /* Debug */,
				D701684B1EF4FAB500C476AC /* Release */,
			);
			defaultConfigurationIsVisible = 0;
			defaultConfigurationName = Release;
		};
		D701684C1EF4FAB500C476AC /* Build configuration list for PBXNativeTarget "dicey" */ = {
			isa = XCConfigurationList;
			buildConfigurations = (
				D701684D1EF4FAB500C476AC /* Debug */,
				D701684E1EF4FAB500C476AC /* Release */,
			);
			defaultConfigurationIsVisible = 0;
		};
/* End XCConfigurationList section */
	};
	rootObject = D70168321EF4FAB500C476AC /* Project object */;
}
